
Microsoft Visual Studio Solution File, Format Version 12.00
# Visual Studio Version 16
VisualStudioVersion = 16.0.31515.178
MinimumVisualStudioVersion = 10.0.40219.1
Project("{FAE04EC0-301F-11D3-BF4B-00C04F79EFBC}") = "TheBookingPlatform.Web", "TheBookingPlatform\TheBookingPlatform.Web.csproj", "{F913DE5C-3A8F-41BA-930B-24A87CD8ED2B}"
EndProject
Project("{FAE04EC0-301F-11D3-BF4B-00C04F79EFBC}") = "TheBookingPlatform.Database", "TheBookingPlatform.Database\TheBookingPlatform.Database.csproj", "{1627DC5E-E0E0-4B90-A971-30664D250B9D}"
EndProject
Project("{FAE04EC0-301F-11D3-BF4B-00C04F79EFBC}") = "TheBookingPlatform.Entities", "TheBookingPlatform.Entities\TheBookingPlatform.Entities.csproj", "{D708EBA2-38F4-4BC2-B11A-13E31489770B}"
EndProject
Project("{FAE04EC0-301F-11D3-BF4B-00C04F79EFBC}") = "TheBookingPlatform.Services", "TheBookingPlatform.Services\TheBookingPlatform.Services.csproj", "{A9C277E4-367C-4C87-98DF-ADC018DAEE4B}"
EndProject
Global
	GlobalSection(SolutionConfigurationPlatforms) = preSolution
		Debug|Any CPU = Debug|Any CPU
		Release|Any CPU = Release|Any CPU
	EndGlobalSection
	GlobalSection(ProjectConfigurationPlatforms) = postSolution
		{F913DE5C-3A8F-41BA-930B-24A87CD8ED2B}.Debug|Any CPU.ActiveCfg = Debug|Any CPU
		{F913DE5C-3A8F-41BA-930B-24A87CD8ED2B}.Debug|Any CPU.Build.0 = Debug|Any CPU
		{F913DE5C-3A8F-41BA-930B-24A87CD8ED2B}.Release|Any CPU.ActiveCfg = Release|Any CPU
		{F913DE5C-3A8F-41BA-930B-24A87CD8ED2B}.Release|Any CPU.Build.0 = Release|Any CPU
		{1627DC5E-E0E0-4B90-A971-30664D250B9D}.Debug|Any CPU.ActiveCfg = Debug|Any CPU
		{1627DC5E-E0E0-4B90-A971-30664D250B9D}.Debug|Any CPU.Build.0 = Debug|Any CPU
		{1627DC5E-E0E0-4B90-A971-30664D250B9D}.Release|Any CPU.ActiveCfg = Release|Any CPU
		{1627DC5E-E0E0-4B90-A971-30664D250B9D}.Release|Any CPU.Build.0 = Release|Any CPU
		{D708EBA2-38F4-4BC2-B11A-13E31489770B}.Debug|Any CPU.ActiveCfg = Debug|Any CPU
		{D708EBA2-38F4-4BC2-B11A-13E31489770B}.Debug|Any CPU.Build.0 = Debug|Any CPU
		{D708EBA2-38F4-4BC2-B11A-13E31489770B}.Release|Any CPU.ActiveCfg = Release|Any CPU
		{D708EBA2-38F4-4BC2-B11A-13E31489770B}.Release|Any CPU.Build.0 = Release|Any CPU
		{A9C277E4-367C-4C87-98DF-ADC018DAEE4B}.Debug|Any CPU.ActiveCfg = Debug|Any CPU
		{A9C277E4-367C-4C87-98DF-ADC018DAEE4B}.Debug|Any CPU.Build.0 = Debug|Any CPU
		{A9C277E4-367C-4C87-98DF-ADC018DAEE4B}.Release|Any CPU.ActiveCfg = Release|Any CPU
		{A9C277E4-367C-4C87-98DF-ADC018DAEE4B}.Release|Any CPU.Build.0 = Release|Any CPU
	EndGlobalSection
	GlobalSection(SolutionProperties) = preSolution
		HideSolutionNode = FALSE
	EndGlobalSection
	GlobalSection(ExtensibilityGlobals) = postSolution
		SolutionGuid = {DECC9CFA-4FD4-427D-B619-1448EF7E305A}
	EndGlobalSection
EndGlobal
